
Microsoft Visual Studio Solution File, Format Version 12.00
# Visual Studio Version 16
VisualStudioVersion = 16.0.29609.76
MinimumVisualStudioVersion = 10.0.40219.1
Project("{FAE04EC0-301F-11D3-BF4B-00C04F79EFBC}") = "WebTepmlate", "WebTepmlate\WebTepmlate.csproj", "{496380CC-B927-4802-AFD5-8BC87BC96B47}"
EndProject
Project("{FAE04EC0-301F-11D3-BF4B-00C04F79EFBC}") = "ServiceMadeEasy.In", "ServiceMadeEasy.In\ServiceMadeEasy.In.csproj", "{7FDD0C81-E348-4830-B0BF-E583771DFC0D}"
EndProject
Global
	GlobalSection(SolutionConfigurationPlatforms) = preSolution
		Debug|Any CPU = Debug|Any CPU
		Release|Any CPU = Release|Any CPU
	EndGlobalSection
	GlobalSection(ProjectConfigurationPlatforms) = postSolution
		{496380CC-B927-4802-AFD5-8BC87BC96B47}.Debug|Any CPU.ActiveCfg = Debug|Any CPU
		{496380CC-B927-4802-AFD5-8BC87BC96B47}.Debug|Any CPU.Build.0 = Debug|Any CPU
		{496380CC-B927-4802-AFD5-8BC87BC96B47}.Release|Any CPU.ActiveCfg = Release|Any CPU
		{496380CC-B927-4802-AFD5-8BC87BC96B47}.Release|Any CPU.Build.0 = Release|Any CPU
		{7FDD0C81-E348-4830-B0BF-E583771DFC0D}.Debug|Any CPU.ActiveCfg = Debug|Any CPU
		{7FDD0C81-E348-4830-B0BF-E583771DFC0D}.Debug|Any CPU.Build.0 = Debug|Any CPU
		{7FDD0C81-E348-4830-B0BF-E583771DFC0D}.Release|Any CPU.ActiveCfg = Release|Any CPU
		{7FDD0C81-E348-4830-B0BF-E583771DFC0D}.Release|Any CPU.Build.0 = Release|Any CPU
	EndGlobalSection
	GlobalSection(SolutionProperties) = preSolution
		HideSolutionNode = FALSE
	EndGlobalSection
	GlobalSection(ExtensibilityGlobals) = postSolution
		SolutionGuid = {02C75754-B647-42AF-A5D3-B67A8D867CB2}
	EndGlobalSection
EndGlobal
